// !$*UTF8*$!
{
	archiveVersion = 1;
	classes = {
	};
	objectVersion = 77;
	objects = {

/* Begin PBXBuildFile section */
		DF5A038B2F2FBA2D00B45649 /* WidgetKit.framework in Frameworks */ = {isa = PBXBuildFile; fileRef = DF5A031E2F2F7E2D00B45649 /* WidgetKit.framework */; };
		DF5A038C2F2FBA2D00B45649 /* SwiftUI.framework in Frameworks */ = {isa = PBXBuildFile; fileRef = DF5A03202F2F7E2D00B45649 /* SwiftUI.framework */; };
		DF5A03A22F2FBC8F00B45649 /* AlarmWidgetExtension.appex in Embed Foundation Extensions */ = {isa = PBXBuildFile; fileRef = DF5A038A2F2FBA2D00B45649 /* AlarmWidgetExtension.appex */; settings = {ATTRIBUTES = (RemoveHeadersOnCopy, ); }; };
		DF5A03C22F2FC79600B45649 /* AlarmNotificationContent.appex in Embed Foundation Extensions */ = {isa = PBXBuildFile; fileRef = DF5A03B42F2FC79600B45649 /* AlarmNotificationContent.appex */; settings = {ATTRIBUTES = (RemoveHeadersOnCopy, ); }; };
		DF5A03C92F2FC88800B45649 /* UserNotifications.framework in Frameworks */ = {isa = PBXBuildFile; fileRef = DF5A03B52F2FC79600B45649 /* UserNotifications.framework */; };
		DF5A03CC2F2FC88900B45649 /* UserNotificationsUI.framework in Frameworks */ = {isa = PBXBuildFile; fileRef = DF5A03B72F2FC79600B45649 /* UserNotificationsUI.framework */; };
		DF5A056B2F3200F000B45649 /* FirebaseAnalytics in Frameworks */ = {isa = PBXBuildFile; productRef = DF5A056A2F3200F000B45649 /* FirebaseAnalytics */; };
/* End PBXBuildFile section */

/* Begin PBXContainerItemProxy section */
		DF5A03A82F2FBD1E00B45649 /* PBXContainerItemProxy */ = {
			isa = PBXContainerItemProxy;
			containerPortal = DF5A028A2F2F1FD700B45649 /* Project object */;
			proxyType = 1;
			remoteGlobalIDString = DF5A03892F2FBA2D00B45649;
			remoteInfo = AlarmWidgetExtension;
		};
		DF5A03C02F2FC79600B45649 /* PBXContainerItemProxy */ = {
			isa = PBXContainerItemProxy;
			containerPortal = DF5A028A2F2F1FD700B45649 /* Project object */;
			proxyType = 1;
			remoteGlobalIDString = DF5A03B32F2FC79600B45649;
			remoteInfo = AlarmNotificationContent;
		};
/* End PBXContainerItemProxy section */

/* Begin PBXCopyFilesBuildPhase section */
		DF5A03A52F2FBC8F00B45649 /* Embed Foundation Extensions */ = {
			isa = PBXCopyFilesBuildPhase;
			buildActionMask = 2147483647;
			dstPath = "";
			dstSubfolderSpec = 13;
			files = (
				DF5A03A22F2FBC8F00B45649 /* AlarmWidgetExtension.appex in Embed Foundation Extensions */,
				DF5A03C22F2FC79600B45649 /* AlarmNotificationContent.appex in Embed Foundation Extensions */,
			);
			name = "Embed Foundation Extensions";
			runOnlyForDeploymentPostprocessing = 0;
		};
/* End PBXCopyFilesBuildPhase section */

/* Begin PBXFileReference section */
		DF5A02922F2F1FD700B45649 /* puddeuk.app */ = {isa = PBXFileReference; explicitFileType = wrapper.application; includeInIndex = 0; path = puddeuk.app; sourceTree = BUILT_PRODUCTS_DIR; };
		DF5A031E2F2F7E2D00B45649 /* WidgetKit.framework */ = {isa = PBXFileReference; lastKnownFileType = wrapper.framework; name = WidgetKit.framework; path = System/Library/Frameworks/WidgetKit.framework; sourceTree = SDKROOT; };
		DF5A03202F2F7E2D00B45649 /* SwiftUI.framework */ = {isa = PBXFileReference; lastKnownFileType = wrapper.framework; name = SwiftUI.framework; path = System/Library/Frameworks/SwiftUI.framework; sourceTree = SDKROOT; };
		DF5A038A2F2FBA2D00B45649 /* AlarmWidgetExtension.appex */ = {isa = PBXFileReference; explicitFileType = "wrapper.app-extension"; includeInIndex = 0; path = AlarmWidgetExtension.appex; sourceTree = BUILT_PRODUCTS_DIR; };
		DF5A03B42F2FC79600B45649 /* AlarmNotificationContent.appex */ = {isa = PBXFileReference; explicitFileType = "wrapper.app-extension"; includeInIndex = 0; path = AlarmNotificationContent.appex; sourceTree = BUILT_PRODUCTS_DIR; };
		DF5A03B52F2FC79600B45649 /* UserNotifications.framework */ = {isa = PBXFileReference; lastKnownFileType = wrapper.framework; name = UserNotifications.framework; path = System/Library/Frameworks/UserNotifications.framework; sourceTree = SDKROOT; };
		DF5A03B72F2FC79600B45649 /* UserNotificationsUI.framework */ = {isa = PBXFileReference; lastKnownFileType = wrapper.framework; name = UserNotificationsUI.framework; path = System/Library/Frameworks/UserNotificationsUI.framework; sourceTree = SDKROOT; };
/* End PBXFileReference section */

/* Begin PBXFileSystemSynchronizedBuildFileExceptionSet section */
		DF5A03112F2F77D800B45649 /* Exceptions for "puddeuk" folder in "puddeuk" target */ = {
			isa = PBXFileSystemSynchronizedBuildFileExceptionSet;
			membershipExceptions = (
				Info.plist,
			);
			target = DF5A02912F2F1FD700B45649 /* puddeuk */;
		};
		DF5A039C2F2FBA2E00B45649 /* Exceptions for "AlarmWidget" folder in "AlarmWidgetExtension" target */ = {
			isa = PBXFileSystemSynchronizedBuildFileExceptionSet;
			membershipExceptions = (
				Info.plist,
			);
			target = DF5A03892F2FBA2D00B45649 /* AlarmWidgetExtension */;
		};
		DF5A039E2F2FBA7E00B45649 /* Exceptions for "puddeuk" folder in "AlarmWidgetExtension" target */ = {
			isa = PBXFileSystemSynchronizedBuildFileExceptionSet;
			membershipExceptions = (
				"GoogleService-Info.plist",
				Shared/AlarmActivityAttributes.swift,
			);
			target = DF5A03892F2FBA2D00B45649 /* AlarmWidgetExtension */;
		};
		DF5A03C62F2FC79600B45649 /* Exceptions for "AlarmNotificationContent" folder in "AlarmNotificationContent" target */ = {
			isa = PBXFileSystemSynchronizedBuildFileExceptionSet;
			membershipExceptions = (
				Info.plist,
			);
			target = DF5A03B32F2FC79600B45649 /* AlarmNotificationContent */;
		};
		DF5A05682F32004200B45649 /* Exceptions for "puddeuk" folder in "AlarmNotificationContent" target */ = {
			isa = PBXFileSystemSynchronizedBuildFileExceptionSet;
			membershipExceptions = (
				"GoogleService-Info.plist",
			);
			target = DF5A03B32F2FC79600B45649 /* AlarmNotificationContent */;
		};
/* End PBXFileSystemSynchronizedBuildFileExceptionSet section */

/* Begin PBXFileSystemSynchronizedRootGroup section */
		DF5A02942F2F1FD700B45649 /* puddeuk */ = {
			isa = PBXFileSystemSynchronizedRootGroup;
			exceptions = (
				DF5A03112F2F77D800B45649 /* Exceptions for "puddeuk" folder in "puddeuk" target */,
				DF5A039E2F2FBA7E00B45649 /* Exceptions for "puddeuk" folder in "AlarmWidgetExtension" target */,
				DF5A05682F32004200B45649 /* Exceptions for "puddeuk" folder in "AlarmNotificationContent" target */,
			);
			path = puddeuk;
			sourceTree = "<group>";
		};
		DF5A038D2F2FBA2D00B45649 /* AlarmWidget */ = {
			isa = PBXFileSystemSynchronizedRootGroup;
			exceptions = (
				DF5A039C2F2FBA2E00B45649 /* Exceptions for "AlarmWidget" folder in "AlarmWidgetExtension" target */,
			);
			path = AlarmWidget;
			sourceTree = "<group>";
		};
		DF5A03B92F2FC79600B45649 /* AlarmNotificationContent */ = {
			isa = PBXFileSystemSynchronizedRootGroup;
			exceptions = (
				DF5A03C62F2FC79600B45649 /* Exceptions for "AlarmNotificationContent" folder in "AlarmNotificationContent" target */,
			);
			path = AlarmNotificationContent;
			sourceTree = "<group>";
		};
/* End PBXFileSystemSynchronizedRootGroup section */

/* Begin PBXFrameworksBuildPhase section */
		DF5A028F2F2F1FD700B45649 /* Frameworks */ = {
			isa = PBXFrameworksBuildPhase;
			buildActionMask = 2147483647;
			files = (
				DF5A056B2F3200F000B45649 /* FirebaseAnalytics in Frameworks */,
			);
			runOnlyForDeploymentPostprocessing = 0;
		};
		DF5A03872F2FBA2D00B45649 /* Frameworks */ = {
			isa = PBXFrameworksBuildPhase;
			buildActionMask = 2147483647;
			files = (
				DF5A038C2F2FBA2D00B45649 /* SwiftUI.framework in Frameworks */,
				DF5A038B2F2FBA2D00B45649 /* WidgetKit.framework in Frameworks */,
			);
			runOnlyForDeploymentPostprocessing = 0;
		};
		DF5A03B12F2FC79600B45649 /* Frameworks */ = {
			isa = PBXFrameworksBuildPhase;
			buildActionMask = 2147483647;
			files = (
				DF5A03CC2F2FC88900B45649 /* UserNotificationsUI.framework in Frameworks */,
				DF5A03C92F2FC88800B45649 /* UserNotifications.framework in Frameworks */,
			);
			runOnlyForDeploymentPostprocessing = 0;
		};
/* End PBXFrameworksBuildPhase section */

/* Begin PBXGroup section */
		DF5A02892F2F1FD700B45649 = {
			isa = PBXGroup;
			children = (
				DF5A02942F2F1FD700B45649 /* puddeuk */,
				DF5A038D2F2FBA2D00B45649 /* AlarmWidget */,
				DF5A03B92F2FC79600B45649 /* AlarmNotificationContent */,
				DF5A031D2F2F7E2D00B45649 /* Frameworks */,
				DF5A02932F2F1FD700B45649 /* Products */,
			);
			sourceTree = "<group>";
		};
		DF5A02932F2F1FD700B45649 /* Products */ = {
			isa = PBXGroup;
			children = (
				DF5A02922F2F1FD700B45649 /* puddeuk.app */,
				DF5A038A2F2FBA2D00B45649 /* AlarmWidgetExtension.appex */,
				DF5A03B42F2FC79600B45649 /* AlarmNotificationContent.appex */,
			);
			name = Products;
			sourceTree = "<group>";
		};
		DF5A031D2F2F7E2D00B45649 /* Frameworks */ = {
			isa = PBXGroup;
			children = (
				DF5A031E2F2F7E2D00B45649 /* WidgetKit.framework */,
				DF5A03202F2F7E2D00B45649 /* SwiftUI.framework */,
				DF5A03B52F2FC79600B45649 /* UserNotifications.framework */,
				DF5A03B72F2FC79600B45649 /* UserNotificationsUI.framework */,
			);
			name = Frameworks;
			sourceTree = "<group>";
		};
/* End PBXGroup section */

/* Begin PBXNativeTarget section */
		DF5A02912F2F1FD700B45649 /* puddeuk */ = {
			isa = PBXNativeTarget;
			buildConfigurationList = DF5A029F2F2F1FD800B45649 /* Build configuration list for PBXNativeTarget "puddeuk" */;
			buildPhases = (
				DF5A028E2F2F1FD700B45649 /* Sources */,
				DF5A028F2F2F1FD700B45649 /* Frameworks */,
				DF5A02902F2F1FD700B45649 /* Resources */,
				DF5A03A52F2FBC8F00B45649 /* Embed Foundation Extensions */,
			);
			buildRules = (
			);
			dependencies = (
				DF5A03A92F2FBD1E00B45649 /* PBXTargetDependency */,
				DF5A03C12F2FC79600B45649 /* PBXTargetDependency */,
			);
			fileSystemSynchronizedGroups = (
				DF5A02942F2F1FD700B45649 /* puddeuk */,
			);
			name = puddeuk;
			packageProductDependencies = (
				DF5A056A2F3200F000B45649 /* FirebaseAnalytics */,
			);
			productName = puddeuk;
			productReference = DF5A02922F2F1FD700B45649 /* puddeuk.app */;
			productType = "com.apple.product-type.application";
		};
		DF5A03892F2FBA2D00B45649 /* AlarmWidgetExtension */ = {
			isa = PBXNativeTarget;
			buildConfigurationList = DF5A03992F2FBA2E00B45649 /* Build configuration list for PBXNativeTarget "AlarmWidgetExtension" */;
			buildPhases = (
				DF5A03862F2FBA2D00B45649 /* Sources */,
				DF5A03872F2FBA2D00B45649 /* Frameworks */,
				DF5A03882F2FBA2D00B45649 /* Resources */,
			);
			buildRules = (
			);
			dependencies = (
			);
			fileSystemSynchronizedGroups = (
				DF5A038D2F2FBA2D00B45649 /* AlarmWidget */,
			);
			name = AlarmWidgetExtension;
			packageProductDependencies = (
			);
			productName = AlarmWidgetExtension;
			productReference = DF5A038A2F2FBA2D00B45649 /* AlarmWidgetExtension.appex */;
			productType = "com.apple.product-type.app-extension";
		};
		DF5A03B32F2FC79600B45649 /* AlarmNotificationContent */ = {
			isa = PBXNativeTarget;
			buildConfigurationList = DF5A03C32F2FC79600B45649 /* Build configuration list for PBXNativeTarget "AlarmNotificationContent" */;
			buildPhases = (
				DF5A03B02F2FC79600B45649 /* Sources */,
				DF5A03B12F2FC79600B45649 /* Frameworks */,
				DF5A03B22F2FC79600B45649 /* Resources */,
			);
			buildRules = (
			);
			dependencies = (
			);
			fileSystemSynchronizedGroups = (
				DF5A03B92F2FC79600B45649 /* AlarmNotificationContent */,
			);
			name = AlarmNotificationContent;
			packageProductDependencies = (
			);
			productName = AlarmNotificationContent;
			productReference = DF5A03B42F2FC79600B45649 /* AlarmNotificationContent.appex */;
			productType = "com.apple.product-type.app-extension";
		};
/* End PBXNativeTarget section */

/* Begin PBXProject section */
		DF5A028A2F2F1FD700B45649 /* Project object */ = {
			isa = PBXProject;
			attributes = {
				BuildIndependentTargetsInParallel = 1;
				LastSwiftUpdateCheck = 2620;
				LastUpgradeCheck = 2620;
				TargetAttributes = {
					DF5A02912F2F1FD700B45649 = {
						CreatedOnToolsVersion = 26.2;
					};
					DF5A03892F2FBA2D00B45649 = {
						CreatedOnToolsVersion = 26.2;
					};
					DF5A03B32F2FC79600B45649 = {
						CreatedOnToolsVersion = 26.2;
					};
				};
			};
			buildConfigurationList = DF5A028D2F2F1FD700B45649 /* Build configuration list for PBXProject "puddeuk" */;
			developmentRegion = en;
			hasScannedForEncodings = 0;
			knownRegions = (
				en,
				Base,
			);
			mainGroup = DF5A02892F2F1FD700B45649;
			minimizedProjectReferenceProxies = 1;
			packageReferences = (
				DF5A05692F3200F000B45649 /* XCRemoteSwiftPackageReference "firebase-ios-sdk" */,
			);
			preferredProjectObjectVersion = 77;
			productRefGroup = DF5A02932F2F1FD700B45649 /* Products */;
			projectDirPath = "";
			projectRoot = "";
			targets = (
				DF5A02912F2F1FD700B45649 /* puddeuk */,
				DF5A03892F2FBA2D00B45649 /* AlarmWidgetExtension */,
				DF5A03B32F2FC79600B45649 /* AlarmNotificationContent */,
			);
		};
/* End PBXProject section */

/* Begin PBXResourcesBuildPhase section */
		DF5A02902F2F1FD700B45649 /* Resources */ = {
			isa = PBXResourcesBuildPhase;
			buildActionMask = 2147483647;
			files = (
			);
			runOnlyForDeploymentPostprocessing = 0;
		};
		DF5A03882F2FBA2D00B45649 /* Resources */ = {
			isa = PBXResourcesBuildPhase;
			buildActionMask = 2147483647;
			files = (
			);
			runOnlyForDeploymentPostprocessing = 0;
		};
		DF5A03B22F2FC79600B45649 /* Resources */ = {
			isa = PBXResourcesBuildPhase;
			buildActionMask = 2147483647;
			files = (
			);
			runOnlyForDeploymentPostprocessing = 0;
		};
/* End PBXResourcesBuildPhase section */

/* Begin PBXSourcesBuildPhase section */
		DF5A028E2F2F1FD700B45649 /* Sources */ = {
			isa = PBXSourcesBuildPhase;
			buildActionMask = 2147483647;
			files = (
			);
			runOnlyForDeploymentPostprocessing = 0;
		};
		DF5A03862F2FBA2D00B45649 /* Sources */ = {
			isa = PBXSourcesBuildPhase;
			buildActionMask = 2147483647;
			files = (
			);
			runOnlyForDeploymentPostprocessing = 0;
		};
		DF5A03B02F2FC79600B45649 /* Sources */ = {
			isa = PBXSourcesBuildPhase;
			buildActionMask = 2147483647;
			files = (
			);
			runOnlyForDeploymentPostprocessing = 0;
		};
/* End PBXSourcesBuildPhase section */

/* Begin PBXTargetDependency section */
		DF5A03A92F2FBD1E00B45649 /* PBXTargetDependency */ = {
			isa = PBXTargetDependency;
			target = DF5A03892F2FBA2D00B45649 /* AlarmWidgetExtension */;
			targetProxy = DF5A03A82F2FBD1E00B45649 /* PBXContainerItemProxy */;
		};
		DF5A03C12F2FC79600B45649 /* PBXTargetDependency */ = {
			isa = PBXTargetDependency;
			target = DF5A03B32F2FC79600B45649 /* AlarmNotificationContent */;
			targetProxy = DF5A03C02F2FC79600B45649 /* PBXContainerItemProxy */;
		};
/* End PBXTargetDependency section */

/* Begin XCBuildConfiguration section */
		DF5A029D2F2F1FD800B45649 /* Debug */ = {
			isa = XCBuildConfiguration;
			buildSettings = {
				ALWAYS_SEARCH_USER_PATHS = NO;
				ASSETCATALOG_COMPILER_GENERATE_SWIFT_ASSET_SYMBOL_EXTENSIONS = YES;
				CLANG_ANALYZER_NONNULL = YES;
				CLANG_ANALYZER_NUMBER_OBJECT_CONVERSION = YES_AGGRESSIVE;
				CLANG_CXX_LANGUAGE_STANDARD = "gnu++20";
				CLANG_ENABLE_MODULES = YES;
				CLANG_ENABLE_OBJC_ARC = YES;
				CLANG_ENABLE_OBJC_WEAK = YES;
				CLANG_WARN_BLOCK_CAPTURE_AUTORELEASING = YES;
				CLANG_WARN_BOOL_CONVERSION = YES;
				CLANG_WARN_COMMA = YES;
				CLANG_WARN_CONSTANT_CONVERSION = YES;
				CLANG_WARN_DEPRECATED_OBJC_IMPLEMENTATIONS = YES;
				CLANG_WARN_DIRECT_OBJC_ISA_USAGE = YES_ERROR;
				CLANG_WARN_DOCUMENTATION_COMMENTS = YES;
				CLANG_WARN_EMPTY_BODY = YES;
				CLANG_WARN_ENUM_CONVERSION = YES;
				CLANG_WARN_INFINITE_RECURSION = YES;
				CLANG_WARN_INT_CONVERSION = YES;
				CLANG_WARN_NON_LITERAL_NULL_CONVERSION = YES;
				CLANG_WARN_OBJC_IMPLICIT_RETAIN_SELF = YES;
				CLANG_WARN_OBJC_LITERAL_CONVERSION = YES;
				CLANG_WARN_OBJC_ROOT_CLASS = YES_ERROR;
				CLANG_WARN_QUOTED_INCLUDE_IN_FRAMEWORK_HEADER = YES;
				CLANG_WARN_RANGE_LOOP_ANALYSIS = YES;
				CLANG_WARN_STRICT_PROTOTYPES = YES;
				CLANG_WARN_SUSPICIOUS_MOVE = YES;
				CLANG_WARN_UNGUARDED_AVAILABILITY = YES_AGGRESSIVE;
				CLANG_WARN_UNREACHABLE_CODE = YES;
				CLANG_WARN__DUPLICATE_METHOD_MATCH = YES;
				COPY_PHASE_STRIP = NO;
				DEBUG_INFORMATION_FORMAT = dwarf;
				DEVELOPMENT_TEAM = M93923L2AK;
				ENABLE_STRICT_OBJC_MSGSEND = YES;
				ENABLE_TESTABILITY = YES;
				ENABLE_USER_SCRIPT_SANDBOXING = YES;
				GCC_C_LANGUAGE_STANDARD = gnu17;
				GCC_DYNAMIC_NO_PIC = NO;
				GCC_NO_COMMON_BLOCKS = YES;
				GCC_OPTIMIZATION_LEVEL = 0;
				GCC_PREPROCESSOR_DEFINITIONS = (
					"DEBUG=1",
					"$(inherited)",
				);
				GCC_WARN_64_TO_32_BIT_CONVERSION = YES;
				GCC_WARN_ABOUT_RETURN_TYPE = YES_ERROR;
				GCC_WARN_UNDECLARED_SELECTOR = YES;
				GCC_WARN_UNINITIALIZED_AUTOS = YES_AGGRESSIVE;
				GCC_WARN_UNUSED_FUNCTION = YES;
				GCC_WARN_UNUSED_VARIABLE = YES;
				LOCALIZATION_PREFERS_STRING_CATALOGS = YES;
				MTL_ENABLE_DEBUG_INFO = INCLUDE_SOURCE;
				MTL_FAST_MATH = YES;
				ONLY_ACTIVE_ARCH = YES;
				SWIFT_ACTIVE_COMPILATION_CONDITIONS = "DEBUG $(inherited)";
				SWIFT_OPTIMIZATION_LEVEL = "-Onone";
			};
			name = Debug;
		};
		DF5A029E2F2F1FD800B45649 /* Release */ = {
			isa = XCBuildConfiguration;
			buildSettings = {
				ALWAYS_SEARCH_USER_PATHS = NO;
				ASSETCATALOG_COMPILER_GENERATE_SWIFT_ASSET_SYMBOL_EXTENSIONS = YES;
				CLANG_ANALYZER_NONNULL = YES;
				CLANG_ANALYZER_NUMBER_OBJECT_CONVERSION = YES_AGGRESSIVE;
				CLANG_CXX_LANGUAGE_STANDARD = "gnu++20";
				CLANG_ENABLE_MODULES = YES;
				CLANG_ENABLE_OBJC_ARC = YES;
				CLANG_ENABLE_OBJC_WEAK = YES;
				CLANG_WARN_BLOCK_CAPTURE_AUTORELEASING = YES;
				CLANG_WARN_BOOL_CONVERSION = YES;
				CLANG_WARN_COMMA = YES;
				CLANG_WARN_CONSTANT_CONVERSION = YES;
				CLANG_WARN_DEPRECATED_OBJC_IMPLEMENTATIONS = YES;
				CLANG_WARN_DIRECT_OBJC_ISA_USAGE = YES_ERROR;
				CLANG_WARN_DOCUMENTATION_COMMENTS = YES;
				CLANG_WARN_EMPTY_BODY = YES;
				CLANG_WARN_ENUM_CONVERSION = YES;
				CLANG_WARN_INFINITE_RECURSION = YES;
				CLANG_WARN_INT_CONVERSION = YES;
				CLANG_WARN_NON_LITERAL_NULL_CONVERSION = YES;
				CLANG_WARN_OBJC_IMPLICIT_RETAIN_SELF = YES;
				CLANG_WARN_OBJC_LITERAL_CONVERSION = YES;
				CLANG_WARN_OBJC_ROOT_CLASS = YES_ERROR;
				CLANG_WARN_QUOTED_INCLUDE_IN_FRAMEWORK_HEADER = YES;
				CLANG_WARN_RANGE_LOOP_ANALYSIS = YES;
				CLANG_WARN_STRICT_PROTOTYPES = YES;
				CLANG_WARN_SUSPICIOUS_MOVE = YES;
				CLANG_WARN_UNGUARDED_AVAILABILITY = YES_AGGRESSIVE;
				CLANG_WARN_UNREACHABLE_CODE = YES;
				CLANG_WARN__DUPLICATE_METHOD_MATCH = YES;
				COPY_PHASE_STRIP = NO;
				DEBUG_INFORMATION_FORMAT = "dwarf-with-dsym";
				DEVELOPMENT_TEAM = M93923L2AK;
				ENABLE_NS_ASSERTIONS = NO;
				ENABLE_STRICT_OBJC_MSGSEND = YES;
				ENABLE_USER_SCRIPT_SANDBOXING = YES;
				GCC_C_LANGUAGE_STANDARD = gnu17;
				GCC_NO_COMMON_BLOCKS = YES;
				GCC_WARN_64_TO_32_BIT_CONVERSION = YES;
				GCC_WARN_ABOUT_RETURN_TYPE = YES_ERROR;
				GCC_WARN_UNDECLARED_SELECTOR = YES;
				GCC_WARN_UNINITIALIZED_AUTOS = YES_AGGRESSIVE;
				GCC_WARN_UNUSED_FUNCTION = YES;
				GCC_WARN_UNUSED_VARIABLE = YES;
				LOCALIZATION_PREFERS_STRING_CATALOGS = YES;
				MTL_ENABLE_DEBUG_INFO = NO;
				MTL_FAST_MATH = YES;
				SWIFT_COMPILATION_MODE = wholemodule;
			};
			name = Release;
		};
		DF5A02A02F2F1FD800B45649 /* Debug */ = {
			isa = XCBuildConfiguration;
			buildSettings = {
				ASSETCATALOG_COMPILER_APPICON_NAME = AppIcon;
				ASSETCATALOG_COMPILER_GLOBAL_ACCENT_COLOR_NAME = AccentColor;
				CODE_SIGN_STYLE = Automatic;
				CURRENT_PROJECT_VERSION = 1;
				DEVELOPMENT_TEAM = M93923L2AK;
				ENABLE_APP_SANDBOX = YES;
				ENABLE_HARDENED_RUNTIME = YES;
				ENABLE_PREVIEWS = YES;
				ENABLE_USER_SELECTED_FILES = readonly;
				GENERATE_INFOPLIST_FILE = YES;
				INFOPLIST_FILE = puddeuk/Info.plist;
				INFOPLIST_KEY_LSApplicationCategoryType = "public.app-category.lifestyle";
				INFOPLIST_KEY_NSMicrophoneUsageDescription = "알람 소리를 녹음하기 위해 마이크 접근 권한이 필요합니다.";
				"INFOPLIST_KEY_UIApplicationSceneManifest_Generation[sdk=iphoneos*]" = YES;
				"INFOPLIST_KEY_UIApplicationSceneManifest_Generation[sdk=iphonesimulator*]" = YES;
				"INFOPLIST_KEY_UIApplicationSupportsIndirectInputEvents[sdk=iphoneos*]" = YES;
				"INFOPLIST_KEY_UIApplicationSupportsIndirectInputEvents[sdk=iphonesimulator*]" = YES;
				"INFOPLIST_KEY_UILaunchScreen_Generation[sdk=iphoneos*]" = YES;
				"INFOPLIST_KEY_UILaunchScreen_Generation[sdk=iphonesimulator*]" = YES;
				"INFOPLIST_KEY_UIStatusBarStyle[sdk=iphoneos*]" = UIStatusBarStyleDefault;
				"INFOPLIST_KEY_UIStatusBarStyle[sdk=iphonesimulator*]" = UIStatusBarStyleDefault;
				INFOPLIST_KEY_UISupportedInterfaceOrientations_iPad = "UIInterfaceOrientationPortrait UIInterfaceOrientationPortraitUpsideDown UIInterfaceOrientationLandscapeLeft UIInterfaceOrientationLandscapeRight";
				INFOPLIST_KEY_UISupportedInterfaceOrientations_iPhone = "UIInterfaceOrientationPortrait UIInterfaceOrientationLandscapeLeft UIInterfaceOrientationLandscapeRight";
				IPHONEOS_DEPLOYMENT_TARGET = 17.6;
				LD_RUNPATH_SEARCH_PATHS = "@executable_path/Frameworks";
				"LD_RUNPATH_SEARCH_PATHS[sdk=macosx*]" = "@executable_path/../Frameworks";
				MACOSX_DEPLOYMENT_TARGET = 26.2;
				MARKETING_VERSION = 1.0;
				PRODUCT_BUNDLE_IDENTIFIER = com.seonghyeon.puddeuk;
				PRODUCT_NAME = "$(TARGET_NAME)";
				REGISTER_APP_GROUPS = YES;
				SDKROOT = auto;
				STRING_CATALOG_GENERATE_SYMBOLS = YES;
				SUPPORTED_PLATFORMS = "iphoneos iphonesimulator";
				SUPPORTS_MACCATALYST = NO;
				SWIFT_APPROACHABLE_CONCURRENCY = YES;
				SWIFT_DEFAULT_ACTOR_ISOLATION = MainActor;
				SWIFT_EMIT_LOC_STRINGS = YES;
				SWIFT_UPCOMING_FEATURE_MEMBER_IMPORT_VISIBILITY = YES;
				SWIFT_VERSION = 5.0;
				TARGETED_DEVICE_FAMILY = "1,2";
				XROS_DEPLOYMENT_TARGET = 26.2;
			};
			name = Debug;
		};
		DF5A02A12F2F1FD800B45649 /* Release */ = {
			isa = XCBuildConfiguration;
			buildSettings = {
				ASSETCATALOG_COMPILER_APPICON_NAME = AppIcon;
				ASSETCATALOG_COMPILER_GLOBAL_ACCENT_COLOR_NAME = AccentColor;
				CODE_SIGN_STYLE = Automatic;
				CURRENT_PROJECT_VERSION = 1;
				DEVELOPMENT_TEAM = M93923L2AK;
				ENABLE_APP_SANDBOX = YES;
				ENABLE_HARDENED_RUNTIME = YES;
				ENABLE_PREVIEWS = YES;
				ENABLE_USER_SELECTED_FILES = readonly;
				GENERATE_INFOPLIST_FILE = YES;
				INFOPLIST_FILE = puddeuk/Info.plist;
				INFOPLIST_KEY_LSApplicationCategoryType = "public.app-category.lifestyle";
				INFOPLIST_KEY_NSMicrophoneUsageDescription = "알람 소리를 녹음하기 위해 마이크 접근 권한이 필요합니다.";
				"INFOPLIST_KEY_UIApplicationSceneManifest_Generation[sdk=iphoneos*]" = YES;
				"INFOPLIST_KEY_UIApplicationSceneManifest_Generation[sdk=iphonesimulator*]" = YES;
				"INFOPLIST_KEY_UIApplicationSupportsIndirectInputEvents[sdk=iphoneos*]" = YES;
				"INFOPLIST_KEY_UIApplicationSupportsIndirectInputEvents[sdk=iphonesimulator*]" = YES;
				"INFOPLIST_KEY_UILaunchScreen_Generation[sdk=iphoneos*]" = YES;
				"INFOPLIST_KEY_UILaunchScreen_Generation[sdk=iphonesimulator*]" = YES;
				"INFOPLIST_KEY_UIStatusBarStyle[sdk=iphoneos*]" = UIStatusBarStyleDefault;
				"INFOPLIST_KEY_UIStatusBarStyle[sdk=iphonesimulator*]" = UIStatusBarStyleDefault;
				INFOPLIST_KEY_UISupportedInterfaceOrientations_iPad = "UIInterfaceOrientationPortrait UIInterfaceOrientationPortraitUpsideDown UIInterfaceOrientationLandscapeLeft UIInterfaceOrientationLandscapeRight";
				INFOPLIST_KEY_UISupportedInterfaceOrientations_iPhone = "UIInterfaceOrientationPortrait UIInterfaceOrientationLandscapeLeft UIInterfaceOrientationLandscapeRight";
				IPHONEOS_DEPLOYMENT_TARGET = 17.6;
				LD_RUNPATH_SEARCH_PATHS = "@executable_path/Frameworks";
				"LD_RUNPATH_SEARCH_PATHS[sdk=macosx*]" = "@executable_path/../Frameworks";
				MACOSX_DEPLOYMENT_TARGET = 26.2;
				MARKETING_VERSION = 1.0;
				PRODUCT_BUNDLE_IDENTIFIER = com.seonghyeon.puddeuk;
				PRODUCT_NAME = "$(TARGET_NAME)";
				REGISTER_APP_GROUPS = YES;
				SDKROOT = auto;
				STRING_CATALOG_GENERATE_SYMBOLS = YES;
				SUPPORTED_PLATFORMS = "iphoneos iphonesimulator";
				SUPPORTS_MACCATALYST = NO;
				SWIFT_APPROACHABLE_CONCURRENCY = YES;
				SWIFT_DEFAULT_ACTOR_ISOLATION = MainActor;
				SWIFT_EMIT_LOC_STRINGS = YES;
				SWIFT_UPCOMING_FEATURE_MEMBER_IMPORT_VISIBILITY = YES;
				SWIFT_VERSION = 5.0;
				TARGETED_DEVICE_FAMILY = "1,2";
				XROS_DEPLOYMENT_TARGET = 26.2;
			};
			name = Release;
		};
		DF5A039A2F2FBA2E00B45649 /* Debug */ = {
			isa = XCBuildConfiguration;
			buildSettings = {
				ASSETCATALOG_COMPILER_GLOBAL_ACCENT_COLOR_NAME = AccentColor;
				ASSETCATALOG_COMPILER_WIDGET_BACKGROUND_COLOR_NAME = WidgetBackground;
				CODE_SIGN_IDENTITY = "Apple Development";
				CODE_SIGN_STYLE = Automatic;
				CURRENT_PROJECT_VERSION = 1;
				DEVELOPMENT_TEAM = M93923L2AK;
				GENERATE_INFOPLIST_FILE = YES;
				INFOPLIST_FILE = AlarmWidget/Info.plist;
				INFOPLIST_KEY_CFBundleDisplayName = AlarmWidget;
				INFOPLIST_KEY_NSHumanReadableCopyright = "";
				IPHONEOS_DEPLOYMENT_TARGET = 17.6;
				LD_RUNPATH_SEARCH_PATHS = (
					"$(inherited)",
					"@executable_path/Frameworks",
					"@executable_path/../../Frameworks",
				);
				MARKETING_VERSION = 1.0;
				PRODUCT_BUNDLE_IDENTIFIER = com.seonghyeon.puddeuk.AlarmWidget;
				PRODUCT_NAME = "$(TARGET_NAME)";
				PROVISIONING_PROFILE_SPECIFIER = "";
				SDKROOT = iphoneos;
				SKIP_INSTALL = YES;
				STRING_CATALOG_GENERATE_SYMBOLS = YES;
				SWIFT_APPROACHABLE_CONCURRENCY = YES;
				SWIFT_EMIT_LOC_STRINGS = YES;
				SWIFT_UPCOMING_FEATURE_MEMBER_IMPORT_VISIBILITY = YES;
				SWIFT_VERSION = 5.0;
				TARGETED_DEVICE_FAMILY = "1,2";
			};
			name = Debug;
		};
		DF5A039B2F2FBA2E00B45649 /* Release */ = {
			isa = XCBuildConfiguration;
			buildSettings = {
				ASSETCATALOG_COMPILER_GLOBAL_ACCENT_COLOR_NAME = AccentColor;
				ASSETCATALOG_COMPILER_WIDGET_BACKGROUND_COLOR_NAME = WidgetBackground;
				CODE_SIGN_IDENTITY = "Apple Development";
				CODE_SIGN_STYLE = Automatic;
				CURRENT_PROJECT_VERSION = 1;
				DEVELOPMENT_TEAM = M93923L2AK;
				GENERATE_INFOPLIST_FILE = YES;
				INFOPLIST_FILE = AlarmWidget/Info.plist;
				INFOPLIST_KEY_CFBundleDisplayName = AlarmWidget;
				INFOPLIST_KEY_NSHumanReadableCopyright = "";
				IPHONEOS_DEPLOYMENT_TARGET = 17.6;
				LD_RUNPATH_SEARCH_PATHS = (
					"$(inherited)",
					"@executable_path/Frameworks",
					"@executable_path/../../Frameworks",
				);
				MARKETING_VERSION = 1.0;
				PRODUCT_BUNDLE_IDENTIFIER = com.seonghyeon.puddeuk.AlarmWidget;
				PRODUCT_NAME = "$(TARGET_NAME)";
				PROVISIONING_PROFILE_SPECIFIER = "";
				SDKROOT = iphoneos;
				SKIP_INSTALL = YES;
				STRING_CATALOG_GENERATE_SYMBOLS = YES;
				SWIFT_APPROACHABLE_CONCURRENCY = YES;
				SWIFT_EMIT_LOC_STRINGS = YES;
				SWIFT_UPCOMING_FEATURE_MEMBER_IMPORT_VISIBILITY = YES;
				SWIFT_VERSION = 5.0;
				TARGETED_DEVICE_FAMILY = "1,2";
				VALIDATE_PRODUCT = YES;
			};
			name = Release;
		};
		DF5A03C42F2FC79600B45649 /* Debug */ = {
			isa = XCBuildConfiguration;
			buildSettings = {
				CODE_SIGN_STYLE = Automatic;
				CURRENT_PROJECT_VERSION = 1;
				DEVELOPMENT_TEAM = M93923L2AK;
				GENERATE_INFOPLIST_FILE = YES;
				INFOPLIST_FILE = AlarmNotificationContent/Info.plist;
				INFOPLIST_KEY_CFBundleDisplayName = AlarmNotificationContent;
				INFOPLIST_KEY_NSHumanReadableCopyright = "";
				IPHONEOS_DEPLOYMENT_TARGET = 26.2;
				LD_RUNPATH_SEARCH_PATHS = (
					"$(inherited)",
					"@executable_path/Frameworks",
					"@executable_path/../../Frameworks",
				);
				MARKETING_VERSION = 1.0;
				PRODUCT_BUNDLE_IDENTIFIER = com.seonghyeon.puddeuk.AlarmNotificationContent;
				PRODUCT_NAME = "$(TARGET_NAME)";
				SDKROOT = iphoneos;
				SKIP_INSTALL = YES;
				STRING_CATALOG_GENERATE_SYMBOLS = YES;
				SWIFT_APPROACHABLE_CONCURRENCY = YES;
				SWIFT_EMIT_LOC_STRINGS = YES;
				SWIFT_UPCOMING_FEATURE_MEMBER_IMPORT_VISIBILITY = YES;
				SWIFT_VERSION = 5.0;
				TARGETED_DEVICE_FAMILY = "1,2";
			};
			name = Debug;
		};
		DF5A03C52F2FC79600B45649 /* Release */ = {
			isa = XCBuildConfiguration;
			buildSettings = {
				CODE_SIGN_STYLE = Automatic;
				CURRENT_PROJECT_VERSION = 1;
				DEVELOPMENT_TEAM = M93923L2AK;
				GENERATE_INFOPLIST_FILE = YES;
				INFOPLIST_FILE = AlarmNotificationContent/Info.plist;
				INFOPLIST_KEY_CFBundleDisplayName = AlarmNotificationContent;
				INFOPLIST_KEY_NSHumanReadableCopyright = "";
				IPHONEOS_DEPLOYMENT_TARGET = 26.2;
				LD_RUNPATH_SEARCH_PATHS = (
					"$(inherited)",
					"@executable_path/Frameworks",
					"@executable_path/../../Frameworks",
				);
				MARKETING_VERSION = 1.0;
				PRODUCT_BUNDLE_IDENTIFIER = com.seonghyeon.puddeuk.AlarmNotificationContent;
				PRODUCT_NAME = "$(TARGET_NAME)";
				SDKROOT = iphoneos;
				SKIP_INSTALL = YES;
				STRING_CATALOG_GENERATE_SYMBOLS = YES;
				SWIFT_APPROACHABLE_CONCURRENCY = YES;
				SWIFT_EMIT_LOC_STRINGS = YES;
				SWIFT_UPCOMING_FEATURE_MEMBER_IMPORT_VISIBILITY = YES;
				SWIFT_VERSION = 5.0;
				TARGETED_DEVICE_FAMILY = "1,2";
				VALIDATE_PRODUCT = YES;
			};
			name = Release;
		};
/* End XCBuildConfiguration section */

/* Begin XCConfigurationList section */
		DF5A028D2F2F1FD700B45649 /* Build configuration list for PBXProject "puddeuk" */ = {
			isa = XCConfigurationList;
			buildConfigurations = (
				DF5A029D2F2F1FD800B45649 /* Debug */,
				DF5A029E2F2F1FD800B45649 /* Release */,
			);
			defaultConfigurationIsVisible = 0;
			defaultConfigurationName = Release;
		};
		DF5A029F2F2F1FD800B45649 /* Build configuration list for PBXNativeTarget "puddeuk" */ = {
			isa = XCConfigurationList;
			buildConfigurations = (
				DF5A02A02F2F1FD800B45649 /* Debug */,
				DF5A02A12F2F1FD800B45649 /* Release */,
			);
			defaultConfigurationIsVisible = 0;
			defaultConfigurationName = Release;
		};
		DF5A03992F2FBA2E00B45649 /* Build configuration list for PBXNativeTarget "AlarmWidgetExtension" */ = {
			isa = XCConfigurationList;
			buildConfigurations = (
				DF5A039A2F2FBA2E00B45649 /* Debug */,
				DF5A039B2F2FBA2E00B45649 /* Release */,
			);
			defaultConfigurationIsVisible = 0;
			defaultConfigurationName = Release;
		};
		DF5A03C32F2FC79600B45649 /* Build configuration list for PBXNativeTarget "AlarmNotificationContent" */ = {
			isa = XCConfigurationList;
			buildConfigurations = (
				DF5A03C42F2FC79600B45649 /* Debug */,
				DF5A03C52F2FC79600B45649 /* Release */,
			);
			defaultConfigurationIsVisible = 0;
			defaultConfigurationName = Release;
		};
/* End XCConfigurationList section */

/* Begin XCRemoteSwiftPackageReference section */
		DF5A05692F3200F000B45649 /* XCRemoteSwiftPackageReference "firebase-ios-sdk" */ = {
			isa = XCRemoteSwiftPackageReference;
			repositoryURL = "https://github.com/firebase/firebase-ios-sdk";
			requirement = {
				kind = upToNextMajorVersion;
				minimumVersion = 12.8.0;
			};
		};
/* End XCRemoteSwiftPackageReference section */

/* Begin XCSwiftPackageProductDependency section */
		DF5A056A2F3200F000B45649 /* FirebaseAnalytics */ = {
			isa = XCSwiftPackageProductDependency;
			package = DF5A05692F3200F000B45649 /* XCRemoteSwiftPackageReference "firebase-ios-sdk" */;
			productName = FirebaseAnalytics;
		};
/* End XCSwiftPackageProductDependency section */
	};
	rootObject = DF5A028A2F2F1FD700B45649 /* Project object */;
}
